
Microsoft Visual Studio Solution File, Format Version 12.00
# Visual Studio 15
Project("{FAE04EC0-301F-11D3-BF4B-00C04F79EFBC}") = "NaughtyAttributes.Test", "NaughtyAttributes.Test.csproj", "{4B74243D-20F0-4BBF-0723-B48D3FEC6F27}"
EndProject
Project("{FAE04EC0-301F-11D3-BF4B-00C04F79EFBC}") = "NaughtyAttributes.Core", "NaughtyAttributes.Core.csproj", "{9947C4B5-B3F0-0B17-303E-01B48B5B56DF}"
EndProject
Project("{FAE04EC0-301F-11D3-BF4B-00C04F79EFBC}") = "Assembly-CSharp", "Assembly-CSharp.csproj", "{CEBFCE1A-47B7-AFA4-408B-413E5D7E76A3}"
EndProject
Project("{FAE04EC0-301F-11D3-BF4B-00C04F79EFBC}") = "NaughtyAttributes.Editor", "NaughtyAttributes.Editor.csproj", "{B8996233-9AB8-32F0-CD9C-3F70B1942D75}"
EndProject
Global
	GlobalSection(SolutionConfigurationPlatforms) = preSolution
		Debug|Any CPU = Debug|Any CPU
		Release|Any CPU = Release|Any CPU
	EndGlobalSection
	GlobalSection(ProjectConfigurationPlatforms) = postSolution
		{4B74243D-20F0-4BBF-0723-B48D3FEC6F27}.Debug|Any CPU.ActiveCfg = Debug|Any CPU
		{4B74243D-20F0-4BBF-0723-B48D3FEC6F27}.Debug|Any CPU.Build.0 = Debug|Any CPU
		{4B74243D-20F0-4BBF-0723-B48D3FEC6F27}.Release|Any CPU.ActiveCfg = Release|Any CPU
		{4B74243D-20F0-4BBF-0723-B48D3FEC6F27}.Release|Any CPU.Build.0 = Release|Any CPU
		{9947C4B5-B3F0-0B17-303E-01B48B5B56DF}.Debug|Any CPU.ActiveCfg = Debug|Any CPU
		{9947C4B5-B3F0-0B17-303E-01B48B5B56DF}.Debug|Any CPU.Build.0 = Debug|Any CPU
		{9947C4B5-B3F0-0B17-303E-01B48B5B56DF}.Release|Any CPU.ActiveCfg = Release|Any CPU
		{9947C4B5-B3F0-0B17-303E-01B48B5B56DF}.Release|Any CPU.Build.0 = Release|Any CPU
		{CEBFCE1A-47B7-AFA4-408B-413E5D7E76A3}.Debug|Any CPU.ActiveCfg = Debug|Any CPU
		{CEBFCE1A-47B7-AFA4-408B-413E5D7E76A3}.Debug|Any CPU.Build.0 = Debug|Any CPU
		{CEBFCE1A-47B7-AFA4-408B-413E5D7E76A3}.Release|Any CPU.ActiveCfg = Release|Any CPU
		{CEBFCE1A-47B7-AFA4-408B-413E5D7E76A3}.Release|Any CPU.Build.0 = Release|Any CPU
		{B8996233-9AB8-32F0-CD9C-3F70B1942D75}.Debug|Any CPU.ActiveCfg = Debug|Any CPU
		{B8996233-9AB8-32F0-CD9C-3F70B1942D75}.Debug|Any CPU.Build.0 = Debug|Any CPU
		{B8996233-9AB8-32F0-CD9C-3F70B1942D75}.Release|Any CPU.ActiveCfg = Release|Any CPU
		{B8996233-9AB8-32F0-CD9C-3F70B1942D75}.Release|Any CPU.Build.0 = Release|Any CPU
	EndGlobalSection
	GlobalSection(SolutionProperties) = preSolution
		HideSolutionNode = FALSE
	EndGlobalSection
EndGlobal
